
Microsoft Visual Studio Solution File, Format Version 12.00
# Visual Studio Version 17
VisualStudioVersion = 17.0.31912.275
MinimumVisualStudioVersion = 10.0.40219.1
Project("{FAE04EC0-301F-11D3-BF4B-00C04F79EFBC}") = "Cleanup", "Cleanup\Cleanup.csproj", "{B720D017-D774-4630-B6E8-9E1097A4847D}"
EndProject
Global
	GlobalSection(SolutionConfigurationPlatforms) = preSolution
		Debug|Any CPU = Debug|Any CPU
		Release|Any CPU = Release|Any CPU
	EndGlobalSection
	GlobalSection(ProjectConfigurationPlatforms) = postSolution
		{B720D017-D774-4630-B6E8-9E1097A4847D}.Debug|Any CPU.ActiveCfg = Debug|Any CPU
		{B720D017-D774-4630-B6E8-9E1097A4847D}.Debug|Any CPU.Build.0 = Debug|Any CPU
		{B720D017-D774-4630-B6E8-9E1097A4847D}.Release|Any CPU.ActiveCfg = Release|Any CPU
		{B720D017-D774-4630-B6E8-9E1097A4847D}.Release|Any CPU.Build.0 = Release|Any CPU
	EndGlobalSection
	GlobalSection(SolutionProperties) = preSolution
		HideSolutionNode = FALSE
	EndGlobalSection
	GlobalSection(ExtensibilityGlobals) = postSolution
		SolutionGuid = {164636C8-E429-4EC7-BF9E-722A01A453AA}
	EndGlobalSection
EndGlobal
